// !$*UTF8*$!
{
	archiveVersion = 1;
	classes = {
	};
	objectVersion = 48;
	objects = {

/* Begin PBXBuildFile section */
		601B20661F9AAF8200DB8C8B /* LineChart.swift in Sources */ = {isa = PBXBuildFile; fileRef = 601B20651F9AAF8200DB8C8B /* LineChart.swift */; };
		601B20681F9AAF9700DB8C8B /* CircleChart.swift in Sources */ = {isa = PBXBuildFile; fileRef = 601B20671F9AAF9700DB8C8B /* CircleChart.swift */; };
		601B206A1F9B405B00DB8C8B /* CircleChartPoint.swift in Sources */ = {isa = PBXBuildFile; fileRef = 601B20691F9B405A00DB8C8B /* CircleChartPoint.swift */; };
		6023F12A1F91FFD100D6581D /* AppDelegate.swift in Sources */ = {isa = PBXBuildFile; fileRef = 6023F1291F91FFD100D6581D /* AppDelegate.swift */; };
		6023F12C1F91FFD100D6581D /* ViewController.swift in Sources */ = {isa = PBXBuildFile; fileRef = 6023F12B1F91FFD100D6581D /* ViewController.swift */; };
		6023F12F1F91FFD100D6581D /* Main.storyboard in Resources */ = {isa = PBXBuildFile; fileRef = 6023F12D1F91FFD100D6581D /* Main.storyboard */; };
		6023F1321F91FFD100D6581D /* WindTendency.xcdatamodeld in Sources */ = {isa = PBXBuildFile; fileRef = 6023F1301F91FFD100D6581D /* WindTendency.xcdatamodeld */; };
		6023F1341F91FFD100D6581D /* Assets.xcassets in Resources */ = {isa = PBXBuildFile; fileRef = 6023F1331F91FFD100D6581D /* Assets.xcassets */; };
		6023F1371F91FFD100D6581D /* LaunchScreen.storyboard in Resources */ = {isa = PBXBuildFile; fileRef = 6023F1351F91FFD100D6581D /* LaunchScreen.storyboard */; };
		6023F13F1F92003F00D6581D /* WindData.swift in Sources */ = {isa = PBXBuildFile; fileRef = 6023F13E1F92003F00D6581D /* WindData.swift */; };
		6023F1411F92C28000D6581D /* Accessories.swift in Sources */ = {isa = PBXBuildFile; fileRef = 6023F1401F92C28000D6581D /* Accessories.swift */; };
/* End PBXBuildFile section */

/* Begin PBXFileReference section */
		601B20651F9AAF8200DB8C8B /* LineChart.swift */ = {isa = PBXFileReference; lastKnownFileType = sourcecode.swift; path = LineChart.swift; sourceTree = "<group>"; };
		601B20671F9AAF9700DB8C8B /* CircleChart.swift */ = {isa = PBXFileReference; lastKnownFileType = sourcecode.swift; path = CircleChart.swift; sourceTree = "<group>"; };
		601B20691F9B405A00DB8C8B /* CircleChartPoint.swift */ = {isa = PBXFileReference; lastKnownFileType = sourcecode.swift; path = CircleChartPoint.swift; sourceTree = "<group>"; };
		6023F1261F91FFD100D6581D /* WindTendency.app */ = {isa = PBXFileReference; explicitFileType = wrapper.application; includeInIndex = 0; path = WindTendency.app; sourceTree = BUILT_PRODUCTS_DIR; };
		6023F1291F91FFD100D6581D /* AppDelegate.swift */ = {isa = PBXFileReference; lastKnownFileType = sourcecode.swift; path = AppDelegate.swift; sourceTree = "<group>"; };
		6023F12B1F91FFD100D6581D /* ViewController.swift */ = {isa = PBXFileReference; lastKnownFileType = sourcecode.swift; path = ViewController.swift; sourceTree = "<group>"; };
		6023F12E1F91FFD100D6581D /* Base */ = {isa = PBXFileReference; lastKnownFileType = file.storyboard; name = Base; path = Base.lproj/Main.storyboard; sourceTree = "<group>"; };
		6023F1311F91FFD100D6581D /* WindTendency.xcdatamodel */ = {isa = PBXFileReference; lastKnownFileType = wrapper.xcdatamodel; path = WindTendency.xcdatamodel; sourceTree = "<group>"; };
		6023F1331F91FFD100D6581D /* Assets.xcassets */ = {isa = PBXFileReference; lastKnownFileType = folder.assetcatalog; path = Assets.xcassets; sourceTree = "<group>"; };
		6023F1361F91FFD100D6581D /* Base */ = {isa = PBXFileReference; lastKnownFileType = file.storyboard; name = Base; path = Base.lproj/LaunchScreen.storyboard; sourceTree = "<group>"; };
		6023F1381F91FFD100D6581D /* Info.plist */ = {isa = PBXFileReference; lastKnownFileType = text.plist.xml; path = Info.plist; sourceTree = "<group>"; };
		6023F13E1F92003F00D6581D /* WindData.swift */ = {isa = PBXFileReference; lastKnownFileType = sourcecode.swift; path = WindData.swift; sourceTree = "<group>"; };
		6023F1401F92C28000D6581D /* Accessories.swift */ = {isa = PBXFileReference; lastKnownFileType = sourcecode.swift; path = Accessories.swift; sourceTree = "<group>"; };
/* End PBXFileReference section */

/* Begin PBXFrameworksBuildPhase section */
		6023F1231F91FFD100D6581D /* Frameworks */ = {
			isa = PBXFrameworksBuildPhase;
			buildActionMask = 2147483647;
			files = (
			);
			runOnlyForDeploymentPostprocessing = 0;
		};
/* End PBXFrameworksBuildPhase section */

/* Begin PBXGroup section */
		6023F11D1F91FFD100D6581D = {
			isa = PBXGroup;
			children = (
				6023F1281F91FFD100D6581D /* WindTendency */,
				6023F1271F91FFD100D6581D /* Products */,
			);
			sourceTree = "<group>";
		};
		6023F1271F91FFD100D6581D /* Products */ = {
			isa = PBXGroup;
			children = (
				6023F1261F91FFD100D6581D /* WindTendency.app */,
			);
			name = Products;
			sourceTree = "<group>";
		};
		6023F1281F91FFD100D6581D /* WindTendency */ = {
			isa = PBXGroup;
			children = (
				6023F1291F91FFD100D6581D /* AppDelegate.swift */,
				6023F12B1F91FFD100D6581D /* ViewController.swift */,
				6023F12D1F91FFD100D6581D /* Main.storyboard */,
				6023F1331F91FFD100D6581D /* Assets.xcassets */,
				6023F1351F91FFD100D6581D /* LaunchScreen.storyboard */,
				6023F1381F91FFD100D6581D /* Info.plist */,
				6023F1301F91FFD100D6581D /* WindTendency.xcdatamodeld */,
				6023F13E1F92003F00D6581D /* WindData.swift */,
				601B20691F9B405A00DB8C8B /* CircleChartPoint.swift */,
				6023F1401F92C28000D6581D /* Accessories.swift */,
				601B20651F9AAF8200DB8C8B /* LineChart.swift */,
				601B20671F9AAF9700DB8C8B /* CircleChart.swift */,
			);
			path = WindTendency;
			sourceTree = "<group>";
		};
/* End PBXGroup section */

/* Begin PBXNativeTarget section */
		6023F1251F91FFD100D6581D /* WindTendency */ = {
			isa = PBXNativeTarget;
			buildConfigurationList = 6023F13B1F91FFD100D6581D /* Build configuration list for PBXNativeTarget "WindTendency" */;
			buildPhases = (
				6023F1221F91FFD100D6581D /* Sources */,
				6023F1231F91FFD100D6581D /* Frameworks */,
				6023F1241F91FFD100D6581D /* Resources */,
			);
			buildRules = (
			);
			dependencies = (
			);
			name = WindTendency;
			productName = WindTendency;
			productReference = 6023F1261F91FFD100D6581D /* WindTendency.app */;
			productType = "com.apple.product-type.application";
		};
/* End PBXNativeTarget section */

/* Begin PBXProject section */
		6023F11E1F91FFD100D6581D /* Project object */ = {
			isa = PBXProject;
			attributes = {
				LastSwiftUpdateCheck = 0900;
				LastUpgradeCheck = 0900;
				ORGANIZATIONNAME = Fr3qFly;
				TargetAttributes = {
					6023F1251F91FFD100D6581D = {
						CreatedOnToolsVersion = 9.0;
						ProvisioningStyle = Automatic;
					};
				};
			};
			buildConfigurationList = 6023F1211F91FFD100D6581D /* Build configuration list for PBXProject "WindTendency" */;
			compatibilityVersion = "Xcode 8.0";
			developmentRegion = en;
			hasScannedForEncodings = 0;
			knownRegions = (
				en,
				Base,
			);
			mainGroup = 6023F11D1F91FFD100D6581D;
			productRefGroup = 6023F1271F91FFD100D6581D /* Products */;
			projectDirPath = "";
			projectRoot = "";
			targets = (
				6023F1251F91FFD100D6581D /* WindTendency */,
			);
		};
/* End PBXProject section */

/* Begin PBXResourcesBuildPhase section */
		6023F1241F91FFD100D6581D /* Resources */ = {
			isa = PBXResourcesBuildPhase;
			buildActionMask = 2147483647;
			files = (
				6023F1371F91FFD100D6581D /* LaunchScreen.storyboard in Resources */,
				6023F1341F91FFD100D6581D /* Assets.xcassets in Resources */,
				6023F12F1F91FFD100D6581D /* Main.storyboard in Resources */,
			);
			runOnlyForDeploymentPostprocessing = 0;
		};
/* End PBXResourcesBuildPhase section */

/* Begin PBXSourcesBuildPhase section */
		6023F1221F91FFD100D6581D /* Sources */ = {
			isa = PBXSourcesBuildPhase;
			buildActionMask = 2147483647;
			files = (
				601B20681F9AAF9700DB8C8B /* CircleChart.swift in Sources */,
				6023F1411F92C28000D6581D /* Accessories.swift in Sources */,
				6023F13F1F92003F00D6581D /* WindData.swift in Sources */,
				601B20661F9AAF8200DB8C8B /* LineChart.swift in Sources */,
				6023F12C1F91FFD100D6581D /* ViewController.swift in Sources */,
				6023F12A1F91FFD100D6581D /* AppDelegate.swift in Sources */,
				6023F1321F91FFD100D6581D /* WindTendency.xcdatamodeld in Sources */,
				601B206A1F9B405B00DB8C8B /* CircleChartPoint.swift in Sources */,
			);
			runOnlyForDeploymentPostprocessing = 0;
		};
/* End PBXSourcesBuildPhase section */

/* Begin PBXVariantGroup section */
		6023F12D1F91FFD100D6581D /* Main.storyboard */ = {
			isa = PBXVariantGroup;
			children = (
				6023F12E1F91FFD100D6581D /* Base */,
			);
			name = Main.storyboard;
			sourceTree = "<group>";
		};
		6023F1351F91FFD100D6581D /* LaunchScreen.storyboard */ = {
			isa = PBXVariantGroup;
			children = (
				6023F1361F91FFD100D6581D /* Base */,
			);
			name = LaunchScreen.storyboard;
			sourceTree = "<group>";
		};
/* End PBXVariantGroup section */

/* Begin XCBuildConfiguration section */
		6023F1391F91FFD100D6581D /* Debug */ = {
			isa = XCBuildConfiguration;
			buildSettings = {
				ALWAYS_SEARCH_USER_PATHS = NO;
				CLANG_ANALYZER_NONNULL = YES;
				CLANG_ANALYZER_NUMBER_OBJECT_CONVERSION = YES_AGGRESSIVE;
				CLANG_CXX_LANGUAGE_STANDARD = "gnu++14";
				CLANG_CXX_LIBRARY = "libc++";
				CLANG_ENABLE_MODULES = YES;
				CLANG_ENABLE_OBJC_ARC = YES;
				CLANG_WARN_BLOCK_CAPTURE_AUTORELEASING = YES;
				CLANG_WARN_BOOL_CONVERSION = YES;
				CLANG_WARN_COMMA = YES;
				CLANG_WARN_CONSTANT_CONVERSION = YES;
				CLANG_WARN_DIRECT_OBJC_ISA_USAGE = YES_ERROR;
				CLANG_WARN_DOCUMENTATION_COMMENTS = YES;
				CLANG_WARN_EMPTY_BODY = YES;
				CLANG_WARN_ENUM_CONVERSION = YES;
				CLANG_WARN_INFINITE_RECURSION = YES;
				CLANG_WARN_INT_CONVERSION = YES;
				CLANG_WARN_NON_LITERAL_NULL_CONVERSION = YES;
				CLANG_WARN_OBJC_LITERAL_CONVERSION = YES;
				CLANG_WARN_OBJC_ROOT_CLASS = YES_ERROR;
				CLANG_WARN_RANGE_LOOP_ANALYSIS = YES;
				CLANG_WARN_STRICT_PROTOTYPES = YES;
				CLANG_WARN_SUSPICIOUS_MOVE = YES;
				CLANG_WARN_UNGUARDED_AVAILABILITY = YES_AGGRESSIVE;
				CLANG_WARN_UNREACHABLE_CODE = YES;
				CLANG_WARN__DUPLICATE_METHOD_MATCH = YES;
				CODE_SIGN_IDENTITY = "iPhone Developer";
				COPY_PHASE_STRIP = NO;
				DEBUG_INFORMATION_FORMAT = dwarf;
				ENABLE_STRICT_OBJC_MSGSEND = YES;
				ENABLE_TESTABILITY = YES;
				GCC_C_LANGUAGE_STANDARD = gnu11;
				GCC_DYNAMIC_NO_PIC = NO;
				GCC_NO_COMMON_BLOCKS = YES;
				GCC_OPTIMIZATION_LEVEL = 0;
				GCC_PREPROCESSOR_DEFINITIONS = (
					"DEBUG=1",
					"$(inherited)",
				);
				GCC_WARN_64_TO_32_BIT_CONVERSION = YES;
				GCC_WARN_ABOUT_RETURN_TYPE = YES_ERROR;
				GCC_WARN_UNDECLARED_SELECTOR = YES;
				GCC_WARN_UNINITIALIZED_AUTOS = YES_AGGRESSIVE;
				GCC_WARN_UNUSED_FUNCTION = YES;
				GCC_WARN_UNUSED_VARIABLE = YES;
				IPHONEOS_DEPLOYMENT_TARGET = 11.0;
				MTL_ENABLE_DEBUG_INFO = YES;
				ONLY_ACTIVE_ARCH = YES;
				SDKROOT = iphoneos;
				SWIFT_ACTIVE_COMPILATION_CONDITIONS = DEBUG;
				SWIFT_OPTIMIZATION_LEVEL = "-Onone";
			};
			name = Debug;
		};
		6023F13A1F91FFD100D6581D /* Release */ = {
			isa = XCBuildConfiguration;
			buildSettings = {
				ALWAYS_SEARCH_USER_PATHS = NO;
				CLANG_ANALYZER_NONNULL = YES;
				CLANG_ANALYZER_NUMBER_OBJECT_CONVERSION = YES_AGGRESSIVE;
				CLANG_CXX_LANGUAGE_STANDARD = "gnu++14";
				CLANG_CXX_LIBRARY = "libc++";
				CLANG_ENABLE_MODULES = YES;
				CLANG_ENABLE_OBJC_ARC = YES;
				CLANG_WARN_BLOCK_CAPTURE_AUTORELEASING = YES;
				CLANG_WARN_BOOL_CONVERSION = YES;
				CLANG_WARN_COMMA = YES;
				CLANG_WARN_CONSTANT_CONVERSION = YES;
				CLANG_WARN_DIRECT_OBJC_ISA_USAGE = YES_ERROR;
				CLANG_WARN_DOCUMENTATION_COMMENTS = YES;
				CLANG_WARN_EMPTY_BODY = YES;
				CLANG_WARN_ENUM_CONVERSION = YES;
				CLANG_WARN_INFINITE_RECURSION = YES;
				CLANG_WARN_INT_CONVERSION = YES;
				CLANG_WARN_NON_LITERAL_NULL_CONVERSION = YES;
				CLANG_WARN_OBJC_LITERAL_CONVERSION = YES;
				CLANG_WARN_OBJC_ROOT_CLASS = YES_ERROR;
				CLANG_WARN_RANGE_LOOP_ANALYSIS = YES;
				CLANG_WARN_STRICT_PROTOTYPES = YES;
				CLANG_WARN_SUSPICIOUS_MOVE = YES;
				CLANG_WARN_UNGUARDED_AVAILABILITY = YES_AGGRESSIVE;
				CLANG_WARN_UNREACHABLE_CODE = YES;
				CLANG_WARN__DUPLICATE_METHOD_MATCH = YES;
				CODE_SIGN_IDENTITY = "iPhone Developer";
				COPY_PHASE_STRIP = NO;
				DEBUG_INFORMATION_FORMAT = "dwarf-with-dsym";
				ENABLE_NS_ASSERTIONS = NO;
				ENABLE_STRICT_OBJC_MSGSEND = YES;
				GCC_C_LANGUAGE_STANDARD = gnu11;
				GCC_NO_COMMON_BLOCKS = YES;
				GCC_WARN_64_TO_32_BIT_CONVERSION = YES;
				GCC_WARN_ABOUT_RETURN_TYPE = YES_ERROR;
				GCC_WARN_UNDECLARED_SELECTOR = YES;
				GCC_WARN_UNINITIALIZED_AUTOS = YES_AGGRESSIVE;
				GCC_WARN_UNUSED_FUNCTION = YES;
				GCC_WARN_UNUSED_VARIABLE = YES;
				IPHONEOS_DEPLOYMENT_TARGET = 11.0;
				MTL_ENABLE_DEBUG_INFO = NO;
				SDKROOT = iphoneos;
				SWIFT_OPTIMIZATION_LEVEL = "-Owholemodule";
				VALIDATE_PRODUCT = YES;
			};
			name = Release;
		};
		6023F13C1F91FFD100D6581D /* Debug */ = {
			isa = XCBuildConfiguration;
			buildSettings = {
				ASSETCATALOG_COMPILER_APPICON_NAME = AppIcon;
				CODE_SIGN_STYLE = Automatic;
				DEVELOPMENT_TEAM = VWUE9JZKY9;
				INFOPLIST_FILE = WindTendency/Info.plist;
				LD_RUNPATH_SEARCH_PATHS = "$(inherited) @executable_path/Frameworks";
				PRODUCT_BUNDLE_IDENTIFIER = com.Fr3qfly.WindTendency;
				PRODUCT_NAME = "$(TARGET_NAME)";
				SWIFT_VERSION = 4.0;
				TARGETED_DEVICE_FAMILY = "1,2";
			};
			name = Debug;
		};
		6023F13D1F91FFD100D6581D /* Release */ = {
			isa = XCBuildConfiguration;
			buildSettings = {
				ASSETCATALOG_COMPILER_APPICON_NAME = AppIcon;
				CODE_SIGN_STYLE = Automatic;
				DEVELOPMENT_TEAM = VWUE9JZKY9;
				INFOPLIST_FILE = WindTendency/Info.plist;
				LD_RUNPATH_SEARCH_PATHS = "$(inherited) @executable_path/Frameworks";
				PRODUCT_BUNDLE_IDENTIFIER = com.Fr3qfly.WindTendency;
				PRODUCT_NAME = "$(TARGET_NAME)";
				SWIFT_VERSION = 4.0;
				TARGETED_DEVICE_FAMILY = "1,2";
			};
			name = Release;
		};
/* End XCBuildConfiguration section */

/* Begin XCConfigurationList section */
		6023F1211F91FFD100D6581D /* Build configuration list for PBXProject "WindTendency" */ = {
			isa = XCConfigurationList;
			buildConfigurations = (
				6023F1391F91FFD100D6581D /* Debug */,
				6023F13A1F91FFD100D6581D /* Release */,
			);
			defaultConfigurationIsVisible = 0;
			defaultConfigurationName = Release;
		};
		6023F13B1F91FFD100D6581D /* Build configuration list for PBXNativeTarget "WindTendency" */ = {
			isa = XCConfigurationList;
			buildConfigurations = (
				6023F13C1F91FFD100D6581D /* Debug */,
				6023F13D1F91FFD100D6581D /* Release */,
			);
			defaultConfigurationIsVisible = 0;
			defaultConfigurationName = Release;
		};
/* End XCConfigurationList section */

/* Begin XCVersionGroup section */
		6023F1301F91FFD100D6581D /* WindTendency.xcdatamodeld */ = {
			isa = XCVersionGroup;
			children = (
				6023F1311F91FFD100D6581D /* WindTendency.xcdatamodel */,
			);
			currentVersion = 6023F1311F91FFD100D6581D /* WindTendency.xcdatamodel */;
			path = WindTendency.xcdatamodeld;
			sourceTree = "<group>";
			versionGroupType = wrapper.xcdatamodel;
		};
/* End XCVersionGroup section */
	};
	rootObject = 6023F11E1F91FFD100D6581D /* Project object */;
}
